schema: '2.0'
stages:
  normalize_2021:
    cmd: /home/sandia/miniforge3/envs/limpieza_data/bin/python 
      src/pipeline/eda_and_clean_2021.py
    deps:
    - path: data/raw/metsyn_2021.csv
      hash: md5
      md5: 33ac4872a491f972c38cdd68e3db1a41
      size: 216606
    - path: src/pipeline/eda_and_clean_2021.py
      hash: md5
      md5: 33a4ba7ce7d463568b65fece73ec098f
      size: 3106
    outs:
    - path: data/interim/metsyn_2021_normalizado.csv
      hash: md5
      md5: ca5e9772a4fc96a750308e752073e58f
      size: 231653
  normalize_2023:
    cmd: /home/sandia/miniforge3/envs/limpieza_data/bin/python 
      src/pipeline/normalize_and_eda_2023.py
    deps:
    - path: data/raw/metsyn_2023.csv
      hash: md5
      md5: 41a9974124f9b5dc0d81a5c8319842c7
      size: 356957
    - path: src/pipeline/normalize_and_eda_2023.py
      hash: md5
      md5: e40c07a0c366a1d95d2a36ea5a5b57d0
      size: 2915
    outs:
    - path: data/interim/metsyn_2023_normalizado.csv
      hash: md5
      md5: 39f3fa5af00bc3b2c0cd42e6b3d55797
      size: 363247
  normalize_2024:
    cmd: /home/sandia/miniforge3/envs/limpieza_data/bin/python 
      src/pipeline/normalize_and_eda_2024.py
    deps:
    - path: data/raw/metsyn_2024.csv
      hash: md5
      md5: 3099d327124c652a0abc6e07d184d4b8
      size: 236464
    - path: src/pipeline/normalize_and_eda_2024.py
      hash: md5
      md5: 5cfffd3aa824f60827ebfdd564fa7613
      size: 3463
    outs:
    - path: data/interim/metsyn_2024_normalizado.csv
      hash: md5
      md5: 4f01adf994999376ee32f032bc155398
      size: 259299
  normalize_2025:
    cmd: /home/sandia/miniforge3/envs/limpieza_data/bin/python 
      src/pipeline/normalize_and_eda_2025.py
    deps:
    - path: data/raw/metsyn_2025.csv
      hash: md5
      md5: ef7b7d8ae94ad3ab8dea51b7aa6c05c4
      size: 225839
    - path: src/pipeline/normalize_and_eda_2025.py
      hash: md5
      md5: f9dfae5e9c5e4912b85a97fd0994743d
      size: 2795
    outs:
    - path: data/interim/metsyn_2025_normalizado.csv
      hash: md5
      md5: 774b2df8155b08d5e0248fa4d6a44f20
      size: 235112
  merge_all_periods:
    cmd: /home/sandia/miniforge3/envs/limpieza_data/bin/python 
      src/pipeline/merge_all.py
    deps:
    - path: data/interim/metsyn_2021_normalizado.csv
      hash: md5
      md5: ca5e9772a4fc96a750308e752073e58f
      size: 231653
    - path: data/interim/metsyn_2023_normalizado.csv
      hash: md5
      md5: 39f3fa5af00bc3b2c0cd42e6b3d55797
      size: 363247
    - path: data/interim/metsyn_2024_normalizado.csv
      hash: md5
      md5: 4f01adf994999376ee32f032bc155398
      size: 259299
    - path: data/interim/metsyn_2025_normalizado.csv
      hash: md5
      md5: 774b2df8155b08d5e0248fa4d6a44f20
      size: 235112
    - path: src/pipeline/merge_all.py
      hash: md5
      md5: 59615743a0ae18b850871a0f8255ef36
      size: 2492
    outs:
    - path: data/processed/consolidated_dataset.csv
      hash: md5
      md5: ee031fc25b62453faddc90bca05fcef1
      size: 1116485
  imputation_mice:
    cmd: /home/sandia/miniforge3/envs/limpieza_data/bin/python 
      src/pipeline/impute_data.py mice
    deps:
    - path: data/processed/consolidated_dataset.csv
      hash: md5
      md5: ee031fc25b62453faddc90bca05fcef1
      size: 1116485
    - path: src/pipeline/impute_data.py
      hash: md5
      md5: d4145410e4f7821361380419aa0ce9e8
      size: 2613
    outs:
    - path: data/processed/imputed_versions/dataset_clean_mice.csv
      hash: md5
      md5: a0384a6051d90b1d29f870c095e54fa3
      size: 1291023
  imputation_knn:
    cmd: /home/sandia/miniforge3/envs/limpieza_data/bin/python 
      src/pipeline/impute_data.py knn
    deps:
    - path: data/processed/consolidated_dataset.csv
      hash: md5
      md5: ee031fc25b62453faddc90bca05fcef1
      size: 1116485
    - path: src/pipeline/impute_data.py
      hash: md5
      md5: d4145410e4f7821361380419aa0ce9e8
      size: 2613
    outs:
    - path: data/processed/imputed_versions/dataset_clean_knn.csv
      hash: md5
      md5: 6cee7f867ebff0cf14b3d3166be63f19
      size: 1285376
  imputation_missforest:
    cmd: /home/sandia/miniforge3/envs/limpieza_data/bin/python 
      src/pipeline/impute_data.py missforest
    deps:
    - path: data/processed/consolidated_dataset.csv
      hash: md5
      md5: ee031fc25b62453faddc90bca05fcef1
      size: 1116485
    - path: src/pipeline/impute_data.py
      hash: md5
      md5: d4145410e4f7821361380419aa0ce9e8
      size: 2613
    outs:
    - path: data/processed/imputed_versions/dataset_clean_missforest.csv
      hash: md5
      md5: 04cf5b951ebc14be2f41f1b3fcd05332
      size: 1200780
  feature_engineering:
    cmd: /home/sandia/miniforge3/envs/limpieza_data/bin/python 
      src/pipeline/feature_engineering.py
    deps:
    - path: data/processed/imputed_versions/dataset_clean_knn.csv
      hash: md5
      md5: 6cee7f867ebff0cf14b3d3166be63f19
      size: 1285376
    - path: data/processed/imputed_versions/dataset_clean_mice.csv
      hash: md5
      md5: a0384a6051d90b1d29f870c095e54fa3
      size: 1291023
    - path: data/processed/imputed_versions/dataset_clean_missforest.csv
      hash: md5
      md5: 04cf5b951ebc14be2f41f1b3fcd05332
      size: 1200780
    - path: src/pipeline/feature_engineering.py
      hash: md5
      md5: c19a0f9c5f0a77d9d9a6da92f3e0c68e
      size: 3027
    outs:
    - path: data/processed/final_datasets/dataset_final_knn.csv
      hash: md5
      md5: deb8c2531e994cae3c2ecd79366435e4
      size: 1345683
    - path: data/processed/final_datasets/dataset_final_mice.csv
      hash: md5
      md5: 119fc6b1060c8bbf51c0bc8c5fb174e8
      size: 1351400
    - path: data/processed/final_datasets/dataset_final_missforest.csv
      hash: md5
      md5: fcb2c8871c356726ade52c1f604f8542
      size: 1259713
